
Microsoft Visual Studio Solution File, Format Version 12.00
# Visual Studio Version 17
VisualStudioVersion = 17.2.32630.192
MinimumVisualStudioVersion = 10.0.40219.1
Project("{9A19103F-16F7-4668-BE54-9A1E7A4F7556}") = "KastaPageTest", "KastaPageTest\KastaPageTest.csproj", "{5F4519CA-569D-447C-9F80-151696AB194F}"
EndProject
Global
	GlobalSection(SolutionConfigurationPlatforms) = preSolution
		Debug|Any CPU = Debug|Any CPU
		Release|Any CPU = Release|Any CPU
	EndGlobalSection
	GlobalSection(ProjectConfigurationPlatforms) = postSolution
		{5F4519CA-569D-447C-9F80-151696AB194F}.Debug|Any CPU.ActiveCfg = Debug|Any CPU
		{5F4519CA-569D-447C-9F80-151696AB194F}.Debug|Any CPU.Build.0 = Debug|Any CPU
		{5F4519CA-569D-447C-9F80-151696AB194F}.Release|Any CPU.ActiveCfg = Release|Any CPU
		{5F4519CA-569D-447C-9F80-151696AB194F}.Release|Any CPU.Build.0 = Release|Any CPU
	EndGlobalSection
	GlobalSection(SolutionProperties) = preSolution
		HideSolutionNode = FALSE
	EndGlobalSection
	GlobalSection(ExtensibilityGlobals) = postSolution
		SolutionGuid = {60A9C202-3303-467D-9A02-534A55152B9A}
	EndGlobalSection
EndGlobal
